
Microsoft Visual Studio Solution File, Format Version 12.00
# Visual Studio Version 17
VisualStudioVersion = 17.2.32516.85
MinimumVisualStudioVersion = 10.0.40219.1
Project("{9A19103F-16F7-4668-BE54-9A1E7A4F7556}") = "Pokedex.WebApp", "Pokedex\Pokedex.WebApp.csproj", "{C8DDAEF8-EFB4-4B73-94F0-EDC3A4BDB90E}"
EndProject
Project("{9A19103F-16F7-4668-BE54-9A1E7A4F7556}") = "Pokedex.Infrastructure.Persistence", "LibraryPokedex\Pokedex.Infrastructure.Persistence.csproj", "{4A7D7332-8603-4F6D-A4E7-7A565D00699E}"
EndProject
Project("{9A19103F-16F7-4668-BE54-9A1E7A4F7556}") = "Pokedex.Core.Application", "AppPokedex\Pokedex.Core.Application.csproj", "{77AD9EE1-F76D-4B6E-857E-F61A0310DE37}"
EndProject
Project("{2150E333-8FDC-42A3-9474-1A3956D46DE8}") = "Source", "Source", "{FB120BDA-03C6-43C7-8EBC-8B56D52B992E}"
EndProject
Project("{2150E333-8FDC-42A3-9474-1A3956D46DE8}") = "Core", "Core", "{1653FE05-5E4C-469C-A418-E5177A5989E0}"
EndProject
Project("{2150E333-8FDC-42A3-9474-1A3956D46DE8}") = "Infrastructure", "Infrastructure", "{69C9D563-0CE4-42EA-B62E-EE062D2DF79C}"
EndProject
Project("{2150E333-8FDC-42A3-9474-1A3956D46DE8}") = "WebApp", "WebApp", "{07FA84C5-A4F7-43A8-87D3-877F19478BF4}"
EndProject
Project("{FAE04EC0-301F-11D3-BF4B-00C04F79EFBC}") = "Pokedex.Core.Domain", "Pokedex.Core.Domain\Pokedex.Core.Domain.csproj", "{0CF54272-0D92-42DF-9E98-577636B95ECE}"
EndProject
Global
	GlobalSection(SolutionConfigurationPlatforms) = preSolution
		Debug|Any CPU = Debug|Any CPU
		Release|Any CPU = Release|Any CPU
	EndGlobalSection
	GlobalSection(ProjectConfigurationPlatforms) = postSolution
		{C8DDAEF8-EFB4-4B73-94F0-EDC3A4BDB90E}.Debug|Any CPU.ActiveCfg = Debug|Any CPU
		{C8DDAEF8-EFB4-4B73-94F0-EDC3A4BDB90E}.Debug|Any CPU.Build.0 = Debug|Any CPU
		{C8DDAEF8-EFB4-4B73-94F0-EDC3A4BDB90E}.Release|Any CPU.ActiveCfg = Release|Any CPU
		{C8DDAEF8-EFB4-4B73-94F0-EDC3A4BDB90E}.Release|Any CPU.Build.0 = Release|Any CPU
		{4A7D7332-8603-4F6D-A4E7-7A565D00699E}.Debug|Any CPU.ActiveCfg = Debug|Any CPU
		{4A7D7332-8603-4F6D-A4E7-7A565D00699E}.Debug|Any CPU.Build.0 = Debug|Any CPU
		{4A7D7332-8603-4F6D-A4E7-7A565D00699E}.Release|Any CPU.ActiveCfg = Release|Any CPU
		{4A7D7332-8603-4F6D-A4E7-7A565D00699E}.Release|Any CPU.Build.0 = Release|Any CPU
		{77AD9EE1-F76D-4B6E-857E-F61A0310DE37}.Debug|Any CPU.ActiveCfg = Debug|Any CPU
		{77AD9EE1-F76D-4B6E-857E-F61A0310DE37}.Debug|Any CPU.Build.0 = Debug|Any CPU
		{77AD9EE1-F76D-4B6E-857E-F61A0310DE37}.Release|Any CPU.ActiveCfg = Release|Any CPU
		{77AD9EE1-F76D-4B6E-857E-F61A0310DE37}.Release|Any CPU.Build.0 = Release|Any CPU
		{0CF54272-0D92-42DF-9E98-577636B95ECE}.Debug|Any CPU.ActiveCfg = Debug|Any CPU
		{0CF54272-0D92-42DF-9E98-577636B95ECE}.Debug|Any CPU.Build.0 = Debug|Any CPU
		{0CF54272-0D92-42DF-9E98-577636B95ECE}.Release|Any CPU.ActiveCfg = Release|Any CPU
		{0CF54272-0D92-42DF-9E98-577636B95ECE}.Release|Any CPU.Build.0 = Release|Any CPU
	EndGlobalSection
	GlobalSection(SolutionProperties) = preSolution
		HideSolutionNode = FALSE
	EndGlobalSection
	GlobalSection(NestedProjects) = preSolution
		{C8DDAEF8-EFB4-4B73-94F0-EDC3A4BDB90E} = {07FA84C5-A4F7-43A8-87D3-877F19478BF4}
		{4A7D7332-8603-4F6D-A4E7-7A565D00699E} = {69C9D563-0CE4-42EA-B62E-EE062D2DF79C}
		{77AD9EE1-F76D-4B6E-857E-F61A0310DE37} = {1653FE05-5E4C-469C-A418-E5177A5989E0}
		{1653FE05-5E4C-469C-A418-E5177A5989E0} = {FB120BDA-03C6-43C7-8EBC-8B56D52B992E}
		{69C9D563-0CE4-42EA-B62E-EE062D2DF79C} = {FB120BDA-03C6-43C7-8EBC-8B56D52B992E}
		{07FA84C5-A4F7-43A8-87D3-877F19478BF4} = {FB120BDA-03C6-43C7-8EBC-8B56D52B992E}
		{0CF54272-0D92-42DF-9E98-577636B95ECE} = {1653FE05-5E4C-469C-A418-E5177A5989E0}
	EndGlobalSection
	GlobalSection(ExtensibilityGlobals) = postSolution
		SolutionGuid = {67B5FAA1-CF3A-407E-96A7-41692AAF4A08}
	EndGlobalSection
EndGlobal
